{
    "_readme": [
        "This file locks the dependencies of your project to a known state",
        "Read more about it at https://getcomposer.org/doc/01-basic-usage.md#composer-lock-the-lock-file",
        "This file is @generated automatically"
    ],
    "content-hash": "ad76c25bed49d33b68d32b7a17f92792",
    "packages": [
        {
            "name": "may-meow-cloud/socket-server",
            "version": "v0.0.2",
            "source": {
                "type": "git",
                "url": "https://github.com/may-meow-cloud/socket-server.git",
                "reference": "c4742eb68c8d52264f02225d98e7de6f283c3e57"
            },
            "dist": {
                "type": "zip",
                "url": "https://api.github.com/repos/may-meow-cloud/socket-server/zipball/c4742eb68c8d52264f02225d98e7de6f283c3e57",
                "reference": "c4742eb68c8d52264f02225d98e7de6f283c3e57",
                "shasum": ""
            },
            "type": "library",
            "autoload": {
                "psr-4": {
                    "MayMeow\\": "src"
                }
            },
            "notification-url": "https://packagist.org/downloads/",
            "license": [
                "MIT"
            ],
            "authors": [
                {
                    "name": "Charlotta Jung",
                    "email": "may+work@maymeow.click"
                }
            ],
            "description": "API",
            "time": "2017-03-18T21:29:49+00:00"
        }
    ],
    "packages-dev": [],
    "aliases": [],
    "minimum-stability": "stable",
    "stability-flags": [],
    "prefer-stable": false,
    "prefer-lowest": false,
    "platform": [],
    "platform-dev": []
}
